
Microsoft Visual Studio Solution File, Format Version 12.00
# Visual Studio Version 17
VisualStudioVersion = 17.0.32112.339
MinimumVisualStudioVersion = 10.0.40219.1
Project("{9A19103F-16F7-4668-BE54-9A1E7A4F7556}") = "ConsoleApp", "ConsoleApp\ConsoleApp.csproj", "{FA93D072-599C-4DA6-91A8-24AF5F8475E2}"
EndProject
Project("{9A19103F-16F7-4668-BE54-9A1E7A4F7556}") = "BL", "BL\BL.csproj", "{3D9B7054-26C4-4F3F-A8FF-08A5BED0D5D3}"
EndProject
Project("{9A19103F-16F7-4668-BE54-9A1E7A4F7556}") = "DAL", "DAL\DAL.csproj", "{EDA8D839-3FDE-4D67-96CA-6AE8AA547BAD}"
EndProject
Project("{9A19103F-16F7-4668-BE54-9A1E7A4F7556}") = "Shared", "Shared\Shared.csproj", "{94210084-0C3B-44CE-8D84-23D9FF551D39}"
EndProject
Project("{9A19103F-16F7-4668-BE54-9A1E7A4F7556}") = "Tests", "Tests\Tests.csproj", "{6210A5B0-F2B9-4244-8DB5-EF19EA56F0DC}"
EndProject
Project("{9A19103F-16F7-4668-BE54-9A1E7A4F7556}") = "IntegrationTests", "IntegrationTests\IntegrationTests.csproj", "{B38B5DA0-9FF0-483A-8E5E-FE0F212538A7}"
EndProject
Project("{9A19103F-16F7-4668-BE54-9A1E7A4F7556}") = "WebAPI", "WebAPI\WebAPI.csproj", "{13816A53-23EE-415B-B2BB-11F29BDF0B77}"
EndProject
Project("{FAE04EC0-301F-11D3-BF4B-00C04F79EFBC}") = "WindowsBackgroundService", "WindowsBackgroundService\WindowsBackgroundService.csproj", "{3CDC8560-E75B-40BF-B2CF-DE85F38B6160}"
EndProject
Global
	GlobalSection(SolutionConfigurationPlatforms) = preSolution
		Debug|Any CPU = Debug|Any CPU
		Release|Any CPU = Release|Any CPU
	EndGlobalSection
	GlobalSection(ProjectConfigurationPlatforms) = postSolution
		{FA93D072-599C-4DA6-91A8-24AF5F8475E2}.Debug|Any CPU.ActiveCfg = Debug|Any CPU
		{FA93D072-599C-4DA6-91A8-24AF5F8475E2}.Debug|Any CPU.Build.0 = Debug|Any CPU
		{FA93D072-599C-4DA6-91A8-24AF5F8475E2}.Release|Any CPU.ActiveCfg = Release|Any CPU
		{FA93D072-599C-4DA6-91A8-24AF5F8475E2}.Release|Any CPU.Build.0 = Release|Any CPU
		{3D9B7054-26C4-4F3F-A8FF-08A5BED0D5D3}.Debug|Any CPU.ActiveCfg = Debug|Any CPU
		{3D9B7054-26C4-4F3F-A8FF-08A5BED0D5D3}.Debug|Any CPU.Build.0 = Debug|Any CPU
		{3D9B7054-26C4-4F3F-A8FF-08A5BED0D5D3}.Release|Any CPU.ActiveCfg = Release|Any CPU
		{3D9B7054-26C4-4F3F-A8FF-08A5BED0D5D3}.Release|Any CPU.Build.0 = Release|Any CPU
		{EDA8D839-3FDE-4D67-96CA-6AE8AA547BAD}.Debug|Any CPU.ActiveCfg = Debug|Any CPU
		{EDA8D839-3FDE-4D67-96CA-6AE8AA547BAD}.Debug|Any CPU.Build.0 = Debug|Any CPU
		{EDA8D839-3FDE-4D67-96CA-6AE8AA547BAD}.Release|Any CPU.ActiveCfg = Release|Any CPU
		{EDA8D839-3FDE-4D67-96CA-6AE8AA547BAD}.Release|Any CPU.Build.0 = Release|Any CPU
		{94210084-0C3B-44CE-8D84-23D9FF551D39}.Debug|Any CPU.ActiveCfg = Debug|Any CPU
		{94210084-0C3B-44CE-8D84-23D9FF551D39}.Debug|Any CPU.Build.0 = Debug|Any CPU
		{94210084-0C3B-44CE-8D84-23D9FF551D39}.Release|Any CPU.ActiveCfg = Release|Any CPU
		{94210084-0C3B-44CE-8D84-23D9FF551D39}.Release|Any CPU.Build.0 = Release|Any CPU
		{6210A5B0-F2B9-4244-8DB5-EF19EA56F0DC}.Debug|Any CPU.ActiveCfg = Debug|Any CPU
		{6210A5B0-F2B9-4244-8DB5-EF19EA56F0DC}.Debug|Any CPU.Build.0 = Debug|Any CPU
		{6210A5B0-F2B9-4244-8DB5-EF19EA56F0DC}.Release|Any CPU.ActiveCfg = Release|Any CPU
		{6210A5B0-F2B9-4244-8DB5-EF19EA56F0DC}.Release|Any CPU.Build.0 = Release|Any CPU
		{B38B5DA0-9FF0-483A-8E5E-FE0F212538A7}.Debug|Any CPU.ActiveCfg = Debug|Any CPU
		{B38B5DA0-9FF0-483A-8E5E-FE0F212538A7}.Debug|Any CPU.Build.0 = Debug|Any CPU
		{B38B5DA0-9FF0-483A-8E5E-FE0F212538A7}.Release|Any CPU.ActiveCfg = Release|Any CPU
		{B38B5DA0-9FF0-483A-8E5E-FE0F212538A7}.Release|Any CPU.Build.0 = Release|Any CPU
		{13816A53-23EE-415B-B2BB-11F29BDF0B77}.Debug|Any CPU.ActiveCfg = Debug|Any CPU
		{13816A53-23EE-415B-B2BB-11F29BDF0B77}.Debug|Any CPU.Build.0 = Debug|Any CPU
		{13816A53-23EE-415B-B2BB-11F29BDF0B77}.Release|Any CPU.ActiveCfg = Release|Any CPU
		{13816A53-23EE-415B-B2BB-11F29BDF0B77}.Release|Any CPU.Build.0 = Release|Any CPU
		{3CDC8560-E75B-40BF-B2CF-DE85F38B6160}.Debug|Any CPU.ActiveCfg = Debug|Any CPU
		{3CDC8560-E75B-40BF-B2CF-DE85F38B6160}.Debug|Any CPU.Build.0 = Debug|Any CPU
		{3CDC8560-E75B-40BF-B2CF-DE85F38B6160}.Release|Any CPU.ActiveCfg = Release|Any CPU
		{3CDC8560-E75B-40BF-B2CF-DE85F38B6160}.Release|Any CPU.Build.0 = Release|Any CPU
	EndGlobalSection
	GlobalSection(SolutionProperties) = preSolution
		HideSolutionNode = FALSE
	EndGlobalSection
	GlobalSection(ExtensibilityGlobals) = postSolution
		SolutionGuid = {D3508BDD-0C14-4038-A5DC-68374D3B82D3}
	EndGlobalSection
EndGlobal
